
Microsoft Visual Studio Solution File, Format Version 12.00
# Visual Studio Version 17
VisualStudioVersion = 17.5.33530.505
MinimumVisualStudioVersion = 10.0.40219.1
Project("{8BC9CEB8-8B4A-11D0-8D11-00A0C91BC942}") = "Tetris", "Tetris\Tetris.vcxproj", "{0177D585-5E30-4815-8E18-3E18A1CB74B4}"
EndProject
Global
	GlobalSection(SolutionConfigurationPlatforms) = preSolution
		Debug|x64 = Debug|x64
		Debug|x86 = Debug|x86
		Release|x64 = Release|x64
		Release|x86 = Release|x86
	EndGlobalSection
	GlobalSection(ProjectConfigurationPlatforms) = postSolution
		{0177D585-5E30-4815-8E18-3E18A1CB74B4}.Debug|x64.ActiveCfg = Debug|x64
		{0177D585-5E30-4815-8E18-3E18A1CB74B4}.Debug|x64.Build.0 = Debug|x64
		{0177D585-5E30-4815-8E18-3E18A1CB74B4}.Debug|x86.ActiveCfg = Debug|Win32
		{0177D585-5E30-4815-8E18-3E18A1CB74B4}.Debug|x86.Build.0 = Debug|Win32
		{0177D585-5E30-4815-8E18-3E18A1CB74B4}.Release|x64.ActiveCfg = Release|x64
		{0177D585-5E30-4815-8E18-3E18A1CB74B4}.Release|x64.Build.0 = Release|x64
		{0177D585-5E30-4815-8E18-3E18A1CB74B4}.Release|x86.ActiveCfg = Release|Win32
		{0177D585-5E30-4815-8E18-3E18A1CB74B4}.Release|x86.Build.0 = Release|Win32
	EndGlobalSection
	GlobalSection(SolutionProperties) = preSolution
		HideSolutionNode = FALSE
	EndGlobalSection
	GlobalSection(ExtensibilityGlobals) = postSolution
		SolutionGuid = {022B0DEA-7DAA-4E84-BC1F-C5BA26CF5CE6}
	EndGlobalSection
EndGlobal
