
Microsoft Visual Studio Solution File, Format Version 12.00
# Visual Studio Version 17
VisualStudioVersion = 17.5.33530.505
MinimumVisualStudioVersion = 10.0.40219.1
Project("{8BC9CEB8-8B4A-11D0-8D11-00A0C91BC942}") = "ConsoleApplication1", "ConsoleApplication1\ConsoleApplication1.vcxproj", "{3834EFE1-A2A2-4F73-AF69-D5A18A8DCB53}"
EndProject
Global
	GlobalSection(SolutionConfigurationPlatforms) = preSolution
		Debug|x64 = Debug|x64
		Debug|x86 = Debug|x86
		Release|x64 = Release|x64
		Release|x86 = Release|x86
	EndGlobalSection
	GlobalSection(ProjectConfigurationPlatforms) = postSolution
		{3834EFE1-A2A2-4F73-AF69-D5A18A8DCB53}.Debug|x64.ActiveCfg = Debug|x64
		{3834EFE1-A2A2-4F73-AF69-D5A18A8DCB53}.Debug|x64.Build.0 = Debug|x64
		{3834EFE1-A2A2-4F73-AF69-D5A18A8DCB53}.Debug|x86.ActiveCfg = Debug|Win32
		{3834EFE1-A2A2-4F73-AF69-D5A18A8DCB53}.Debug|x86.Build.0 = Debug|Win32
		{3834EFE1-A2A2-4F73-AF69-D5A18A8DCB53}.Release|x64.ActiveCfg = Release|x64
		{3834EFE1-A2A2-4F73-AF69-D5A18A8DCB53}.Release|x64.Build.0 = Release|x64
		{3834EFE1-A2A2-4F73-AF69-D5A18A8DCB53}.Release|x86.ActiveCfg = Release|Win32
		{3834EFE1-A2A2-4F73-AF69-D5A18A8DCB53}.Release|x86.Build.0 = Release|Win32
	EndGlobalSection
	GlobalSection(SolutionProperties) = preSolution
		HideSolutionNode = FALSE
	EndGlobalSection
	GlobalSection(ExtensibilityGlobals) = postSolution
		SolutionGuid = {76DA73DE-2485-4BA5-9F02-E0F882A42D91}
	EndGlobalSection
EndGlobal
